
Microsoft Visual Studio Solution File, Format Version 12.00
# Visual Studio Version 16
VisualStudioVersion = 16.0.30711.63
MinimumVisualStudioVersion = 10.0.40219.1
Project("{FAE04EC0-301F-11D3-BF4B-00C04F79EFBC}") = "TodoBot.Client", "TodoBot.Client\TodoBot.Client.csproj", "{BAD17955-F8BF-41E5-B54C-D10C8D608A62}"
EndProject
Global
	GlobalSection(SolutionConfigurationPlatforms) = preSolution
		Debug|Any CPU = Debug|Any CPU
		Release|Any CPU = Release|Any CPU
	EndGlobalSection
	GlobalSection(ProjectConfigurationPlatforms) = postSolution
		{BAD17955-F8BF-41E5-B54C-D10C8D608A62}.Debug|Any CPU.ActiveCfg = Debug|Any CPU
		{BAD17955-F8BF-41E5-B54C-D10C8D608A62}.Debug|Any CPU.Build.0 = Debug|Any CPU
		{BAD17955-F8BF-41E5-B54C-D10C8D608A62}.Release|Any CPU.ActiveCfg = Release|Any CPU
		{BAD17955-F8BF-41E5-B54C-D10C8D608A62}.Release|Any CPU.Build.0 = Release|Any CPU
	EndGlobalSection
	GlobalSection(SolutionProperties) = preSolution
		HideSolutionNode = FALSE
	EndGlobalSection
	GlobalSection(ExtensibilityGlobals) = postSolution
		SolutionGuid = {50945EF1-B2CB-46DD-90B3-916DC61D6E58}
	EndGlobalSection
EndGlobal
